// !$*UTF8*$!
{
	archiveVersion = 1;
	classes = {
	};
	objectVersion = 56;
	objects = {

/* Begin PBXBuildFile section */
		C49B17292A9C8B4000B1A1E8 /* AppDelegate.swift in Sources */ = {isa = PBXBuildFile; fileRef = C49B17282A9C8B4000B1A1E8 /* AppDelegate.swift */; };
		C49B172B2A9C8B4000B1A1E8 /* SceneDelegate.swift in Sources */ = {isa = PBXBuildFile; fileRef = C49B172A2A9C8B4000B1A1E8 /* SceneDelegate.swift */; };
		C49B17322A9C8B4100B1A1E8 /* Assets.xcassets in Resources */ = {isa = PBXBuildFile; fileRef = C49B17312A9C8B4100B1A1E8 /* Assets.xcassets */; };
		C49B17352A9C8B4100B1A1E8 /* LaunchScreen.storyboard in Resources */ = {isa = PBXBuildFile; fileRef = C49B17332A9C8B4100B1A1E8 /* LaunchScreen.storyboard */; };
		C49B173F2A9C8EB000B1A1E8 /* HomeViewController.swift in Sources */ = {isa = PBXBuildFile; fileRef = C49B173E2A9C8EB000B1A1E8 /* HomeViewController.swift */; };
		C49B17422A9CA18000B1A1E8 /* WeatherModel.swift in Sources */ = {isa = PBXBuildFile; fileRef = C49B17412A9CA18000B1A1E8 /* WeatherModel.swift */; };
		C49B17442A9CA1B800B1A1E8 /* HomeViewModel.swift in Sources */ = {isa = PBXBuildFile; fileRef = C49B17432A9CA1B800B1A1E8 /* HomeViewModel.swift */; };
		C49B17472A9CA22A00B1A1E8 /* Alamofire in Frameworks */ = {isa = PBXBuildFile; productRef = C49B17462A9CA22A00B1A1E8 /* Alamofire */; };
		C49B174A2A9CB22600B1A1E8 /* HomeLocationExtensions.swift in Sources */ = {isa = PBXBuildFile; fileRef = C49B17492A9CB22500B1A1E8 /* HomeLocationExtensions.swift */; };
		C49B174D2A9CE46900B1A1E8 /* CustomHorizontalCardView.swift in Sources */ = {isa = PBXBuildFile; fileRef = C49B174C2A9CE46900B1A1E8 /* CustomHorizontalCardView.swift */; };
		C4B9EBD62A9DEC8200B66033 /* CustomUICollectionViewCell.swift in Sources */ = {isa = PBXBuildFile; fileRef = C4B9EBD52A9DEC8200B66033 /* CustomUICollectionViewCell.swift */; };
		C4B9EBD92A9E523300B66033 /* UIColorExtensions.swift in Sources */ = {isa = PBXBuildFile; fileRef = C4B9EBD82A9E523300B66033 /* UIColorExtensions.swift */; };
		C4B9EBDB2A9E543100B66033 /* CustomUICollectionView.swift in Sources */ = {isa = PBXBuildFile; fileRef = C4B9EBDA2A9E543100B66033 /* CustomUICollectionView.swift */; };
		C4B9EBDD2A9E582A00B66033 /* HomeVCFactory.swift in Sources */ = {isa = PBXBuildFile; fileRef = C4B9EBDC2A9E582A00B66033 /* HomeVCFactory.swift */; };
/* End PBXBuildFile section */

/* Begin PBXFileReference section */
		C49B17252A9C8B4000B1A1E8 /* WeatherApp.app */ = {isa = PBXFileReference; explicitFileType = wrapper.application; includeInIndex = 0; path = WeatherApp.app; sourceTree = BUILT_PRODUCTS_DIR; };
		C49B17282A9C8B4000B1A1E8 /* AppDelegate.swift */ = {isa = PBXFileReference; lastKnownFileType = sourcecode.swift; path = AppDelegate.swift; sourceTree = "<group>"; };
		C49B172A2A9C8B4000B1A1E8 /* SceneDelegate.swift */ = {isa = PBXFileReference; lastKnownFileType = sourcecode.swift; path = SceneDelegate.swift; sourceTree = "<group>"; };
		C49B17312A9C8B4100B1A1E8 /* Assets.xcassets */ = {isa = PBXFileReference; lastKnownFileType = folder.assetcatalog; path = Assets.xcassets; sourceTree = "<group>"; };
		C49B17342A9C8B4100B1A1E8 /* Base */ = {isa = PBXFileReference; lastKnownFileType = file.storyboard; name = Base; path = Base.lproj/LaunchScreen.storyboard; sourceTree = "<group>"; };
		C49B17362A9C8B4100B1A1E8 /* Info.plist */ = {isa = PBXFileReference; lastKnownFileType = text.plist.xml; path = Info.plist; sourceTree = "<group>"; };
		C49B173E2A9C8EB000B1A1E8 /* HomeViewController.swift */ = {isa = PBXFileReference; lastKnownFileType = sourcecode.swift; path = HomeViewController.swift; sourceTree = "<group>"; };
		C49B17412A9CA18000B1A1E8 /* WeatherModel.swift */ = {isa = PBXFileReference; lastKnownFileType = sourcecode.swift; path = WeatherModel.swift; sourceTree = "<group>"; };
		C49B17432A9CA1B800B1A1E8 /* HomeViewModel.swift */ = {isa = PBXFileReference; lastKnownFileType = sourcecode.swift; path = HomeViewModel.swift; sourceTree = "<group>"; };
		C49B17492A9CB22500B1A1E8 /* HomeLocationExtensions.swift */ = {isa = PBXFileReference; lastKnownFileType = sourcecode.swift; path = HomeLocationExtensions.swift; sourceTree = "<group>"; };
		C49B174C2A9CE46900B1A1E8 /* CustomHorizontalCardView.swift */ = {isa = PBXFileReference; lastKnownFileType = sourcecode.swift; path = CustomHorizontalCardView.swift; sourceTree = "<group>"; };
		C4B9EBD52A9DEC8200B66033 /* CustomUICollectionViewCell.swift */ = {isa = PBXFileReference; lastKnownFileType = sourcecode.swift; path = CustomUICollectionViewCell.swift; sourceTree = "<group>"; };
		C4B9EBD82A9E523300B66033 /* UIColorExtensions.swift */ = {isa = PBXFileReference; lastKnownFileType = sourcecode.swift; path = UIColorExtensions.swift; sourceTree = "<group>"; };
		C4B9EBDA2A9E543100B66033 /* CustomUICollectionView.swift */ = {isa = PBXFileReference; lastKnownFileType = sourcecode.swift; path = CustomUICollectionView.swift; sourceTree = "<group>"; };
		C4B9EBDC2A9E582A00B66033 /* HomeVCFactory.swift */ = {isa = PBXFileReference; lastKnownFileType = sourcecode.swift; name = HomeVCFactory.swift; path = ../../../../../../../Documents/HomeVCFactory.swift; sourceTree = "<group>"; };
/* End PBXFileReference section */

/* Begin PBXFrameworksBuildPhase section */
		C49B17222A9C8B4000B1A1E8 /* Frameworks */ = {
			isa = PBXFrameworksBuildPhase;
			buildActionMask = 2147483647;
			files = (
				C49B17472A9CA22A00B1A1E8 /* Alamofire in Frameworks */,
			);
			runOnlyForDeploymentPostprocessing = 0;
		};
/* End PBXFrameworksBuildPhase section */

/* Begin PBXGroup section */
		C49B171C2A9C8B4000B1A1E8 = {
			isa = PBXGroup;
			children = (
				C49B17272A9C8B4000B1A1E8 /* WeatherApp */,
				C49B17262A9C8B4000B1A1E8 /* Products */,
			);
			sourceTree = "<group>";
		};
		C49B17262A9C8B4000B1A1E8 /* Products */ = {
			isa = PBXGroup;
			children = (
				C49B17252A9C8B4000B1A1E8 /* WeatherApp.app */,
			);
			name = Products;
			sourceTree = "<group>";
		};
		C49B17272A9C8B4000B1A1E8 /* WeatherApp */ = {
			isa = PBXGroup;
			children = (
				C4B9EBD72A9E292000B66033 /* ViewModel */,
				C49B17402A9CA16F00B1A1E8 /* Model */,
				C49B173D2A9C8E5400B1A1E8 /* App */,
				C49B173C2A9C8E4400B1A1E8 /* Scene */,
				C49B17312A9C8B4100B1A1E8 /* Assets.xcassets */,
				C49B17332A9C8B4100B1A1E8 /* LaunchScreen.storyboard */,
				C49B17362A9C8B4100B1A1E8 /* Info.plist */,
			);
			path = WeatherApp;
			sourceTree = "<group>";
		};
		C49B173C2A9C8E4400B1A1E8 /* Scene */ = {
			isa = PBXGroup;
			children = (
				C49B17482A9CB21500B1A1E8 /* Home */,
				C4B9EBD82A9E523300B66033 /* UIColorExtensions.swift */,
			);
			path = Scene;
			sourceTree = "<group>";
		};
		C49B173D2A9C8E5400B1A1E8 /* App */ = {
			isa = PBXGroup;
			children = (
				C49B17282A9C8B4000B1A1E8 /* AppDelegate.swift */,
				C49B172A2A9C8B4000B1A1E8 /* SceneDelegate.swift */,
			);
			path = App;
			sourceTree = "<group>";
		};
		C49B17402A9CA16F00B1A1E8 /* Model */ = {
			isa = PBXGroup;
			children = (
				C49B17412A9CA18000B1A1E8 /* WeatherModel.swift */,
			);
			path = Model;
			sourceTree = "<group>";
		};
		C49B17482A9CB21500B1A1E8 /* Home */ = {
			isa = PBXGroup;
			children = (
				C4B9EBDC2A9E582A00B66033 /* HomeVCFactory.swift */,
				C49B173E2A9C8EB000B1A1E8 /* HomeViewController.swift */,
				C49B17492A9CB22500B1A1E8 /* HomeLocationExtensions.swift */,
				C49B174C2A9CE46900B1A1E8 /* CustomHorizontalCardView.swift */,
				C4B9EBD52A9DEC8200B66033 /* CustomUICollectionViewCell.swift */,
				C4B9EBDA2A9E543100B66033 /* CustomUICollectionView.swift */,
			);
			path = Home;
			sourceTree = "<group>";
		};
		C4B9EBD72A9E292000B66033 /* ViewModel */ = {
			isa = PBXGroup;
			children = (
				C49B17432A9CA1B800B1A1E8 /* HomeViewModel.swift */,
			);
			path = ViewModel;
			sourceTree = "<group>";
		};
/* End PBXGroup section */

/* Begin PBXNativeTarget section */
		C49B17242A9C8B4000B1A1E8 /* WeatherApp */ = {
			isa = PBXNativeTarget;
			buildConfigurationList = C49B17392A9C8B4100B1A1E8 /* Build configuration list for PBXNativeTarget "WeatherApp" */;
			buildPhases = (
				C49B17212A9C8B4000B1A1E8 /* Sources */,
				C49B17222A9C8B4000B1A1E8 /* Frameworks */,
				C49B17232A9C8B4000B1A1E8 /* Resources */,
			);
			buildRules = (
			);
			dependencies = (
			);
			name = WeatherApp;
			packageProductDependencies = (
				C49B17462A9CA22A00B1A1E8 /* Alamofire */,
			);
			productName = WeatherApp;
			productReference = C49B17252A9C8B4000B1A1E8 /* WeatherApp.app */;
			productType = "com.apple.product-type.application";
		};
/* End PBXNativeTarget section */

/* Begin PBXProject section */
		C49B171D2A9C8B4000B1A1E8 /* Project object */ = {
			isa = PBXProject;
			attributes = {
				BuildIndependentTargetsInParallel = 1;
				LastSwiftUpdateCheck = 1430;
				LastUpgradeCheck = 1430;
				TargetAttributes = {
					C49B17242A9C8B4000B1A1E8 = {
						CreatedOnToolsVersion = 14.3.1;
					};
				};
			};
			buildConfigurationList = C49B17202A9C8B4000B1A1E8 /* Build configuration list for PBXProject "WeatherApp" */;
			compatibilityVersion = "Xcode 14.0";
			developmentRegion = en;
			hasScannedForEncodings = 0;
			knownRegions = (
				en,
				Base,
			);
			mainGroup = C49B171C2A9C8B4000B1A1E8;
			packageReferences = (
				C49B17452A9CA22A00B1A1E8 /* XCRemoteSwiftPackageReference "Alamofire" */,
			);
			productRefGroup = C49B17262A9C8B4000B1A1E8 /* Products */;
			projectDirPath = "";
			projectRoot = "";
			targets = (
				C49B17242A9C8B4000B1A1E8 /* WeatherApp */,
			);
		};
/* End PBXProject section */

/* Begin PBXResourcesBuildPhase section */
		C49B17232A9C8B4000B1A1E8 /* Resources */ = {
			isa = PBXResourcesBuildPhase;
			buildActionMask = 2147483647;
			files = (
				C49B17352A9C8B4100B1A1E8 /* LaunchScreen.storyboard in Resources */,
				C49B17322A9C8B4100B1A1E8 /* Assets.xcassets in Resources */,
			);
			runOnlyForDeploymentPostprocessing = 0;
		};
/* End PBXResourcesBuildPhase section */

/* Begin PBXSourcesBuildPhase section */
		C49B17212A9C8B4000B1A1E8 /* Sources */ = {
			isa = PBXSourcesBuildPhase;
			buildActionMask = 2147483647;
			files = (
				C4B9EBD92A9E523300B66033 /* UIColorExtensions.swift in Sources */,
				C49B174A2A9CB22600B1A1E8 /* HomeLocationExtensions.swift in Sources */,
				C4B9EBDB2A9E543100B66033 /* CustomUICollectionView.swift in Sources */,
				C49B17442A9CA1B800B1A1E8 /* HomeViewModel.swift in Sources */,
				C49B17292A9C8B4000B1A1E8 /* AppDelegate.swift in Sources */,
				C4B9EBDD2A9E582A00B66033 /* HomeVCFactory.swift in Sources */,
				C49B174D2A9CE46900B1A1E8 /* CustomHorizontalCardView.swift in Sources */,
				C49B172B2A9C8B4000B1A1E8 /* SceneDelegate.swift in Sources */,
				C49B173F2A9C8EB000B1A1E8 /* HomeViewController.swift in Sources */,
				C49B17422A9CA18000B1A1E8 /* WeatherModel.swift in Sources */,
				C4B9EBD62A9DEC8200B66033 /* CustomUICollectionViewCell.swift in Sources */,
			);
			runOnlyForDeploymentPostprocessing = 0;
		};
/* End PBXSourcesBuildPhase section */

/* Begin PBXVariantGroup section */
		C49B17332A9C8B4100B1A1E8 /* LaunchScreen.storyboard */ = {
			isa = PBXVariantGroup;
			children = (
				C49B17342A9C8B4100B1A1E8 /* Base */,
			);
			name = LaunchScreen.storyboard;
			sourceTree = "<group>";
		};
/* End PBXVariantGroup section */

/* Begin XCBuildConfiguration section */
		C49B17372A9C8B4100B1A1E8 /* Debug */ = {
			isa = XCBuildConfiguration;
			buildSettings = {
				ALWAYS_SEARCH_USER_PATHS = NO;
				CLANG_ANALYZER_NONNULL = YES;
				CLANG_ANALYZER_NUMBER_OBJECT_CONVERSION = YES_AGGRESSIVE;
				CLANG_CXX_LANGUAGE_STANDARD = "gnu++20";
				CLANG_ENABLE_MODULES = YES;
				CLANG_ENABLE_OBJC_ARC = YES;
				CLANG_ENABLE_OBJC_WEAK = YES;
				CLANG_WARN_BLOCK_CAPTURE_AUTORELEASING = YES;
				CLANG_WARN_BOOL_CONVERSION = YES;
				CLANG_WARN_COMMA = YES;
				CLANG_WARN_CONSTANT_CONVERSION = YES;
				CLANG_WARN_DEPRECATED_OBJC_IMPLEMENTATIONS = YES;
				CLANG_WARN_DIRECT_OBJC_ISA_USAGE = YES_ERROR;
				CLANG_WARN_DOCUMENTATION_COMMENTS = YES;
				CLANG_WARN_EMPTY_BODY = YES;
				CLANG_WARN_ENUM_CONVERSION = YES;
				CLANG_WARN_INFINITE_RECURSION = YES;
				CLANG_WARN_INT_CONVERSION = YES;
				CLANG_WARN_NON_LITERAL_NULL_CONVERSION = YES;
				CLANG_WARN_OBJC_IMPLICIT_RETAIN_SELF = YES;
				CLANG_WARN_OBJC_LITERAL_CONVERSION = YES;
				CLANG_WARN_OBJC_ROOT_CLASS = YES_ERROR;
				CLANG_WARN_QUOTED_INCLUDE_IN_FRAMEWORK_HEADER = YES;
				CLANG_WARN_RANGE_LOOP_ANALYSIS = YES;
				CLANG_WARN_STRICT_PROTOTYPES = YES;
				CLANG_WARN_SUSPICIOUS_MOVE = YES;
				CLANG_WARN_UNGUARDED_AVAILABILITY = YES_AGGRESSIVE;
				CLANG_WARN_UNREACHABLE_CODE = YES;
				CLANG_WARN__DUPLICATE_METHOD_MATCH = YES;
				COPY_PHASE_STRIP = NO;
				DEBUG_INFORMATION_FORMAT = dwarf;
				ENABLE_STRICT_OBJC_MSGSEND = YES;
				ENABLE_TESTABILITY = YES;
				GCC_C_LANGUAGE_STANDARD = gnu11;
				GCC_DYNAMIC_NO_PIC = NO;
				GCC_NO_COMMON_BLOCKS = YES;
				GCC_OPTIMIZATION_LEVEL = 0;
				GCC_PREPROCESSOR_DEFINITIONS = (
					"DEBUG=1",
					"$(inherited)",
				);
				GCC_WARN_64_TO_32_BIT_CONVERSION = YES;
				GCC_WARN_ABOUT_RETURN_TYPE = YES_ERROR;
				GCC_WARN_UNDECLARED_SELECTOR = YES;
				GCC_WARN_UNINITIALIZED_AUTOS = YES_AGGRESSIVE;
				GCC_WARN_UNUSED_FUNCTION = YES;
				GCC_WARN_UNUSED_VARIABLE = YES;
				IPHONEOS_DEPLOYMENT_TARGET = 16.4;
				MTL_ENABLE_DEBUG_INFO = INCLUDE_SOURCE;
				MTL_FAST_MATH = YES;
				ONLY_ACTIVE_ARCH = YES;
				SDKROOT = iphoneos;
				SWIFT_ACTIVE_COMPILATION_CONDITIONS = DEBUG;
				SWIFT_OPTIMIZATION_LEVEL = "-Onone";
			};
			name = Debug;
		};
		C49B17382A9C8B4100B1A1E8 /* Release */ = {
			isa = XCBuildConfiguration;
			buildSettings = {
				ALWAYS_SEARCH_USER_PATHS = NO;
				CLANG_ANALYZER_NONNULL = YES;
				CLANG_ANALYZER_NUMBER_OBJECT_CONVERSION = YES_AGGRESSIVE;
				CLANG_CXX_LANGUAGE_STANDARD = "gnu++20";
				CLANG_ENABLE_MODULES = YES;
				CLANG_ENABLE_OBJC_ARC = YES;
				CLANG_ENABLE_OBJC_WEAK = YES;
				CLANG_WARN_BLOCK_CAPTURE_AUTORELEASING = YES;
				CLANG_WARN_BOOL_CONVERSION = YES;
				CLANG_WARN_COMMA = YES;
				CLANG_WARN_CONSTANT_CONVERSION = YES;
				CLANG_WARN_DEPRECATED_OBJC_IMPLEMENTATIONS = YES;
				CLANG_WARN_DIRECT_OBJC_ISA_USAGE = YES_ERROR;
				CLANG_WARN_DOCUMENTATION_COMMENTS = YES;
				CLANG_WARN_EMPTY_BODY = YES;
				CLANG_WARN_ENUM_CONVERSION = YES;
				CLANG_WARN_INFINITE_RECURSION = YES;
				CLANG_WARN_INT_CONVERSION = YES;
				CLANG_WARN_NON_LITERAL_NULL_CONVERSION = YES;
				CLANG_WARN_OBJC_IMPLICIT_RETAIN_SELF = YES;
				CLANG_WARN_OBJC_LITERAL_CONVERSION = YES;
				CLANG_WARN_OBJC_ROOT_CLASS = YES_ERROR;
				CLANG_WARN_QUOTED_INCLUDE_IN_FRAMEWORK_HEADER = YES;
				CLANG_WARN_RANGE_LOOP_ANALYSIS = YES;
				CLANG_WARN_STRICT_PROTOTYPES = YES;
				CLANG_WARN_SUSPICIOUS_MOVE = YES;
				CLANG_WARN_UNGUARDED_AVAILABILITY = YES_AGGRESSIVE;
				CLANG_WARN_UNREACHABLE_CODE = YES;
				CLANG_WARN__DUPLICATE_METHOD_MATCH = YES;
				COPY_PHASE_STRIP = NO;
				DEBUG_INFORMATION_FORMAT = "dwarf-with-dsym";
				ENABLE_NS_ASSERTIONS = NO;
				ENABLE_STRICT_OBJC_MSGSEND = YES;
				GCC_C_LANGUAGE_STANDARD = gnu11;
				GCC_NO_COMMON_BLOCKS = YES;
				GCC_WARN_64_TO_32_BIT_CONVERSION = YES;
				GCC_WARN_ABOUT_RETURN_TYPE = YES_ERROR;
				GCC_WARN_UNDECLARED_SELECTOR = YES;
				GCC_WARN_UNINITIALIZED_AUTOS = YES_AGGRESSIVE;
				GCC_WARN_UNUSED_FUNCTION = YES;
				GCC_WARN_UNUSED_VARIABLE = YES;
				IPHONEOS_DEPLOYMENT_TARGET = 16.4;
				MTL_ENABLE_DEBUG_INFO = NO;
				MTL_FAST_MATH = YES;
				SDKROOT = iphoneos;
				SWIFT_COMPILATION_MODE = wholemodule;
				SWIFT_OPTIMIZATION_LEVEL = "-O";
				VALIDATE_PRODUCT = YES;
			};
			name = Release;
		};
		C49B173A2A9C8B4100B1A1E8 /* Debug */ = {
			isa = XCBuildConfiguration;
			buildSettings = {
				ASSETCATALOG_COMPILER_APPICON_NAME = AppIcon;
				ASSETCATALOG_COMPILER_GLOBAL_ACCENT_COLOR_NAME = AccentColor;
				CODE_SIGN_STYLE = Automatic;
				CURRENT_PROJECT_VERSION = 1;
				GENERATE_INFOPLIST_FILE = YES;
				INFOPLIST_FILE = WeatherApp/Info.plist;
				INFOPLIST_KEY_UIApplicationSupportsIndirectInputEvents = YES;
				INFOPLIST_KEY_UILaunchStoryboardName = LaunchScreen;
				INFOPLIST_KEY_UISupportedInterfaceOrientations_iPad = "UIInterfaceOrientationPortrait UIInterfaceOrientationPortraitUpsideDown UIInterfaceOrientationLandscapeLeft UIInterfaceOrientationLandscapeRight";
				INFOPLIST_KEY_UISupportedInterfaceOrientations_iPhone = "UIInterfaceOrientationPortrait UIInterfaceOrientationLandscapeLeft UIInterfaceOrientationLandscapeRight";
				LD_RUNPATH_SEARCH_PATHS = (
					"$(inherited)",
					"@executable_path/Frameworks",
				);
				MARKETING_VERSION = 1.0;
				PRODUCT_BUNDLE_IDENTIFIER = erenboluk.WeatherApp;
				PRODUCT_NAME = "$(TARGET_NAME)";
				SWIFT_EMIT_LOC_STRINGS = YES;
				SWIFT_VERSION = 5.0;
				TARGETED_DEVICE_FAMILY = "1,2";
			};
			name = Debug;
		};
		C49B173B2A9C8B4100B1A1E8 /* Release */ = {
			isa = XCBuildConfiguration;
			buildSettings = {
				ASSETCATALOG_COMPILER_APPICON_NAME = AppIcon;
				ASSETCATALOG_COMPILER_GLOBAL_ACCENT_COLOR_NAME = AccentColor;
				CODE_SIGN_STYLE = Automatic;
				CURRENT_PROJECT_VERSION = 1;
				GENERATE_INFOPLIST_FILE = YES;
				INFOPLIST_FILE = WeatherApp/Info.plist;
				INFOPLIST_KEY_UIApplicationSupportsIndirectInputEvents = YES;
				INFOPLIST_KEY_UILaunchStoryboardName = LaunchScreen;
				INFOPLIST_KEY_UISupportedInterfaceOrientations_iPad = "UIInterfaceOrientationPortrait UIInterfaceOrientationPortraitUpsideDown UIInterfaceOrientationLandscapeLeft UIInterfaceOrientationLandscapeRight";
				INFOPLIST_KEY_UISupportedInterfaceOrientations_iPhone = "UIInterfaceOrientationPortrait UIInterfaceOrientationLandscapeLeft UIInterfaceOrientationLandscapeRight";
				LD_RUNPATH_SEARCH_PATHS = (
					"$(inherited)",
					"@executable_path/Frameworks",
				);
				MARKETING_VERSION = 1.0;
				PRODUCT_BUNDLE_IDENTIFIER = erenboluk.WeatherApp;
				PRODUCT_NAME = "$(TARGET_NAME)";
				SWIFT_EMIT_LOC_STRINGS = YES;
				SWIFT_VERSION = 5.0;
				TARGETED_DEVICE_FAMILY = "1,2";
			};
			name = Release;
		};
/* End XCBuildConfiguration section */

/* Begin XCConfigurationList section */
		C49B17202A9C8B4000B1A1E8 /* Build configuration list for PBXProject "WeatherApp" */ = {
			isa = XCConfigurationList;
			buildConfigurations = (
				C49B17372A9C8B4100B1A1E8 /* Debug */,
				C49B17382A9C8B4100B1A1E8 /* Release */,
			);
			defaultConfigurationIsVisible = 0;
			defaultConfigurationName = Release;
		};
		C49B17392A9C8B4100B1A1E8 /* Build configuration list for PBXNativeTarget "WeatherApp" */ = {
			isa = XCConfigurationList;
			buildConfigurations = (
				C49B173A2A9C8B4100B1A1E8 /* Debug */,
				C49B173B2A9C8B4100B1A1E8 /* Release */,
			);
			defaultConfigurationIsVisible = 0;
			defaultConfigurationName = Release;
		};
/* End XCConfigurationList section */

/* Begin XCRemoteSwiftPackageReference section */
		C49B17452A9CA22A00B1A1E8 /* XCRemoteSwiftPackageReference "Alamofire" */ = {
			isa = XCRemoteSwiftPackageReference;
			repositoryURL = "https://github.com/Alamofire/Alamofire.git";
			requirement = {
				kind = upToNextMajorVersion;
				minimumVersion = 5.0.0;
			};
		};
/* End XCRemoteSwiftPackageReference section */

/* Begin XCSwiftPackageProductDependency section */
		C49B17462A9CA22A00B1A1E8 /* Alamofire */ = {
			isa = XCSwiftPackageProductDependency;
			package = C49B17452A9CA22A00B1A1E8 /* XCRemoteSwiftPackageReference "Alamofire" */;
			productName = Alamofire;
		};
/* End XCSwiftPackageProductDependency section */
	};
	rootObject = C49B171D2A9C8B4000B1A1E8 /* Project object */;
}
